
Microsoft Visual Studio Solution File, Format Version 12.00
# Visual Studio Version 16
VisualStudioVersion = 16.0.30320.27
MinimumVisualStudioVersion = 10.0.40219.1
Project("{888888A0-9F3D-457C-B088-3A5042F75D52}") = "extra2", "extra2\extra2.pyproj", "{E7A834A5-DA91-4C8A-9CB3-CDFD9C756661}"
EndProject
Global
	GlobalSection(SolutionConfigurationPlatforms) = preSolution
		Debug|Any CPU = Debug|Any CPU
		Release|Any CPU = Release|Any CPU
	EndGlobalSection
	GlobalSection(ProjectConfigurationPlatforms) = postSolution
		{E7A834A5-DA91-4C8A-9CB3-CDFD9C756661}.Debug|Any CPU.ActiveCfg = Debug|Any CPU
		{E7A834A5-DA91-4C8A-9CB3-CDFD9C756661}.Release|Any CPU.ActiveCfg = Release|Any CPU
	EndGlobalSection
	GlobalSection(SolutionProperties) = preSolution
		HideSolutionNode = FALSE
	EndGlobalSection
	GlobalSection(ExtensibilityGlobals) = postSolution
		SolutionGuid = {FD2FE4F6-D1F7-4AC0-8C9A-F5EA0B3DB16E}
	EndGlobalSection
EndGlobal
