
Microsoft Visual Studio Solution File, Format Version 12.00
# Visual Studio Version 16
VisualStudioVersion = 16.0.30320.27
MinimumVisualStudioVersion = 10.0.40219.1
Project("{888888A0-9F3D-457C-B088-3A5042F75D52}") = "trespel", "trespel\trespel.pyproj", "{3CBA66BF-F479-414A-84EE-63E9213BE189}"
EndProject
Global
	GlobalSection(SolutionConfigurationPlatforms) = preSolution
		Debug|Any CPU = Debug|Any CPU
		Release|Any CPU = Release|Any CPU
	EndGlobalSection
	GlobalSection(ProjectConfigurationPlatforms) = postSolution
		{3CBA66BF-F479-414A-84EE-63E9213BE189}.Debug|Any CPU.ActiveCfg = Debug|Any CPU
		{3CBA66BF-F479-414A-84EE-63E9213BE189}.Release|Any CPU.ActiveCfg = Release|Any CPU
	EndGlobalSection
	GlobalSection(SolutionProperties) = preSolution
		HideSolutionNode = FALSE
	EndGlobalSection
	GlobalSection(ExtensibilityGlobals) = postSolution
		SolutionGuid = {736C050D-C23F-4B99-AAF3-1643923EF74A}
	EndGlobalSection
EndGlobal
