
Microsoft Visual Studio Solution File, Format Version 12.00
# Visual Studio Version 16
VisualStudioVersion = 16.0.30320.27
MinimumVisualStudioVersion = 10.0.40219.1
Project("{888888A0-9F3D-457C-B088-3A5042F75D52}") = "sporthall", "sporthall\sporthall.pyproj", "{C1DB6980-0F24-4B57-A669-04B97F67C23E}"
EndProject
Global
	GlobalSection(SolutionConfigurationPlatforms) = preSolution
		Debug|Any CPU = Debug|Any CPU
		Release|Any CPU = Release|Any CPU
	EndGlobalSection
	GlobalSection(ProjectConfigurationPlatforms) = postSolution
		{C1DB6980-0F24-4B57-A669-04B97F67C23E}.Debug|Any CPU.ActiveCfg = Debug|Any CPU
		{C1DB6980-0F24-4B57-A669-04B97F67C23E}.Release|Any CPU.ActiveCfg = Release|Any CPU
	EndGlobalSection
	GlobalSection(SolutionProperties) = preSolution
		HideSolutionNode = FALSE
	EndGlobalSection
	GlobalSection(ExtensibilityGlobals) = postSolution
		SolutionGuid = {96FBAE7E-F26C-4808-937D-60D4AF0CA928}
	EndGlobalSection
EndGlobal
